
Microsoft Visual Studio Solution File, Format Version 12.00
# Visual Studio Version 17
VisualStudioVersion = 17.10.35013.160
MinimumVisualStudioVersion = 10.0.40219.1
Project("{FAE04EC0-301F-11D3-BF4B-00C04F79EFBC}") = "TechGen-fundamentals-hw-1", "TechGen-fundamentals-hw-1\TechGen-fundamentals-hw-1.csproj", "{C48A762B-92AA-4779-B5B6-ABE682976DAD}"
EndProject
Global
	GlobalSection(SolutionConfigurationPlatforms) = preSolution
		Debug|Any CPU = Debug|Any CPU
		Release|Any CPU = Release|Any CPU
	EndGlobalSection
	GlobalSection(ProjectConfigurationPlatforms) = postSolution
		{C48A762B-92AA-4779-B5B6-ABE682976DAD}.Debug|Any CPU.ActiveCfg = Debug|Any CPU
		{C48A762B-92AA-4779-B5B6-ABE682976DAD}.Debug|Any CPU.Build.0 = Debug|Any CPU
		{C48A762B-92AA-4779-B5B6-ABE682976DAD}.Release|Any CPU.ActiveCfg = Release|Any CPU
		{C48A762B-92AA-4779-B5B6-ABE682976DAD}.Release|Any CPU.Build.0 = Release|Any CPU
	EndGlobalSection
	GlobalSection(SolutionProperties) = preSolution
		HideSolutionNode = FALSE
	EndGlobalSection
	GlobalSection(ExtensibilityGlobals) = postSolution
		SolutionGuid = {A9E72309-6E57-4091-9D3F-20846EACC7FE}
	EndGlobalSection
EndGlobal
